
Microsoft Visual Studio Solution File, Format Version 9.00
# Visual Studio 2005
Project("{E24C65DC-7377-472B-9ABA-BC803B73C61A}") = "C:\...\gomoko\", "..\..\WebSites\gomoko\", "{6F20B90F-649D-4B3A-96C1-A70994E6AA59}"
	ProjectSection(WebsiteProperties) = preProject
		Debug.AspNetCompiler.VirtualPath = "/gomoko"
		Debug.AspNetCompiler.PhysicalPath = "..\..\WebSites\gomoko\"
		Debug.AspNetCompiler.TargetPath = "PrecompiledWeb\gomoko\"
		Debug.AspNetCompiler.Updateable = "true"
		Debug.AspNetCompiler.ForceOverwrite = "true"
		Debug.AspNetCompiler.FixedNames = "false"
		Debug.AspNetCompiler.Debug = "True"
		Release.AspNetCompiler.VirtualPath = "/gomoko"
		Release.AspNetCompiler.PhysicalPath = "..\..\WebSites\gomoko\"
		Release.AspNetCompiler.TargetPath = "PrecompiledWeb\gomoko\"
		Release.AspNetCompiler.Updateable = "true"
		Release.AspNetCompiler.ForceOverwrite = "true"
		Release.AspNetCompiler.FixedNames = "false"
		Release.AspNetCompiler.Debug = "False"
		VWDPort = "43986"
		DefaultWebSiteLanguage = "Visual C#"
	EndProjectSection
EndProject
Global
	GlobalSection(SolutionConfigurationPlatforms) = preSolution
		Debug|.NET = Debug|.NET
	EndGlobalSection
	GlobalSection(ProjectConfigurationPlatforms) = postSolution
		{6F20B90F-649D-4B3A-96C1-A70994E6AA59}.Debug|.NET.ActiveCfg = Debug|.NET
		{6F20B90F-649D-4B3A-96C1-A70994E6AA59}.Debug|.NET.Build.0 = Debug|.NET
	EndGlobalSection
	GlobalSection(SolutionProperties) = preSolution
		HideSolutionNode = FALSE
	EndGlobalSection
EndGlobal
